// !$*UTF8*$!
{
	archiveVersion = 1;
	classes = {
	};
	objectVersion = 51;
	objects = {

/* Begin PBXBuildFile section */
		081801D825EA43D10053D295 /* CheckBoxView.swift in Sources */ = {isa = PBXBuildFile; fileRef = 081801D725EA43D10053D295 /* CheckBoxView.swift */; };
		081801D925EA43D10053D295 /* CheckBoxView.swift in Sources */ = {isa = PBXBuildFile; fileRef = 081801D725EA43D10053D295 /* CheckBoxView.swift */; };
		081801DA25EA43D10053D295 /* CheckBoxView.swift in Sources */ = {isa = PBXBuildFile; fileRef = 081801D725EA43D10053D295 /* CheckBoxView.swift */; };
		081801DB25EA43D10053D295 /* CheckBoxView.swift in Sources */ = {isa = PBXBuildFile; fileRef = 081801D725EA43D10053D295 /* CheckBoxView.swift */; };
		0844563E24CD793D00AE352F /* PendingView.swift in Sources */ = {isa = PBXBuildFile; fileRef = 0844563D24CD793D00AE352F /* PendingView.swift */; };
		0844563F24CD793D00AE352F /* PendingView.swift in Sources */ = {isa = PBXBuildFile; fileRef = 0844563D24CD793D00AE352F /* PendingView.swift */; };
		0844564024CD793D00AE352F /* PendingView.swift in Sources */ = {isa = PBXBuildFile; fileRef = 0844563D24CD793D00AE352F /* PendingView.swift */; };
		0844564124CD793D00AE352F /* PendingView.swift in Sources */ = {isa = PBXBuildFile; fileRef = 0844563D24CD793D00AE352F /* PendingView.swift */; };
		0846453125E77B41003AE75A /* AddToCollectionView.swift in Sources */ = {isa = PBXBuildFile; fileRef = 0846453025E77B41003AE75A /* AddToCollectionView.swift */; };
		0846453725E77E18003AE75A /* ViewState.swift in Sources */ = {isa = PBXBuildFile; fileRef = 0846453625E77E18003AE75A /* ViewState.swift */; };
		0846453E25E787EA003AE75A /* Collection+CoreDataClass.swift in Sources */ = {isa = PBXBuildFile; fileRef = 0846453C25E787EA003AE75A /* Collection+CoreDataClass.swift */; };
		0846453F25E787EA003AE75A /* Collection+CoreDataProperties.swift in Sources */ = {isa = PBXBuildFile; fileRef = 0846453D25E787EA003AE75A /* Collection+CoreDataProperties.swift */; };
		0846454525E7913A003AE75A /* RoundedCorner.swift in Sources */ = {isa = PBXBuildFile; fileRef = 0846454425E7913A003AE75A /* RoundedCorner.swift */; };
		0846454F25E79490003AE75A /* FocusTextField.swift in Sources */ = {isa = PBXBuildFile; fileRef = 0846454E25E79490003AE75A /* FocusTextField.swift */; };
		0846455625E798A7003AE75A /* CollectionsViewModel.swift in Sources */ = {isa = PBXBuildFile; fileRef = 0846455525E798A7003AE75A /* CollectionsViewModel.swift */; };
		08624FA124DBA67E00AF2904 /* StringExtensions.swift in Sources */ = {isa = PBXBuildFile; fileRef = 08624FA024DBA67E00AF2904 /* StringExtensions.swift */; };
		08624FA224DBA67E00AF2904 /* StringExtensions.swift in Sources */ = {isa = PBXBuildFile; fileRef = 08624FA024DBA67E00AF2904 /* StringExtensions.swift */; };
		08624FA324DBA67E00AF2904 /* StringExtensions.swift in Sources */ = {isa = PBXBuildFile; fileRef = 08624FA024DBA67E00AF2904 /* StringExtensions.swift */; };
		08624FA424DBA67E00AF2904 /* StringExtensions.swift in Sources */ = {isa = PBXBuildFile; fileRef = 08624FA024DBA67E00AF2904 /* StringExtensions.swift */; };
		086C941724BE93BD008AFBE5 /* Tests_iOS.swift in Sources */ = {isa = PBXBuildFile; fileRef = 086C941624BE93BD008AFBE5 /* Tests_iOS.swift */; };
		086C942224BE93BD008AFBE5 /* Tests_macOS.swift in Sources */ = {isa = PBXBuildFile; fileRef = 086C942124BE93BD008AFBE5 /* Tests_macOS.swift */; };
		086C942424BE93BD008AFBE5 /* ChristInSongApp.swift in Sources */ = {isa = PBXBuildFile; fileRef = 086C93FB24BE93BC008AFBE5 /* ChristInSongApp.swift */; };
		086C942524BE93BD008AFBE5 /* ChristInSongApp.swift in Sources */ = {isa = PBXBuildFile; fileRef = 086C93FB24BE93BC008AFBE5 /* ChristInSongApp.swift */; };
		086C942624BE93BD008AFBE5 /* ContentView.swift in Sources */ = {isa = PBXBuildFile; fileRef = 086C93FC24BE93BC008AFBE5 /* ContentView.swift */; };
		086C942724BE93BD008AFBE5 /* ContentView.swift in Sources */ = {isa = PBXBuildFile; fileRef = 086C93FC24BE93BC008AFBE5 /* ContentView.swift */; };
		086C942824BE93BD008AFBE5 /* Assets.xcassets in Resources */ = {isa = PBXBuildFile; fileRef = 086C93FD24BE93BD008AFBE5 /* Assets.xcassets */; };
		086C942924BE93BD008AFBE5 /* Assets.xcassets in Resources */ = {isa = PBXBuildFile; fileRef = 086C93FD24BE93BD008AFBE5 /* Assets.xcassets */; };
		08927D9324BEA5B60035972C /* HymnsView.swift in Sources */ = {isa = PBXBuildFile; fileRef = 08927D9224BEA5B60035972C /* HymnsView.swift */; };
		08927D9424BEA5B60035972C /* HymnsView.swift in Sources */ = {isa = PBXBuildFile; fileRef = 08927D9224BEA5B60035972C /* HymnsView.swift */; };
		08927D9724BEAAD00035972C /* CollectionsView.swift in Sources */ = {isa = PBXBuildFile; fileRef = 08927D9624BEAAD00035972C /* CollectionsView.swift */; };
		08927D9824BEAAD00035972C /* CollectionsView.swift in Sources */ = {isa = PBXBuildFile; fileRef = 08927D9624BEAAD00035972C /* CollectionsView.swift */; };
		08927D9B24BEAAFC0035972C /* SupportView.swift in Sources */ = {isa = PBXBuildFile; fileRef = 08927D9A24BEAAFC0035972C /* SupportView.swift */; };
		08927D9C24BEAAFC0035972C /* SupportView.swift in Sources */ = {isa = PBXBuildFile; fileRef = 08927D9A24BEAAFC0035972C /* SupportView.swift */; };
		08927D9F24BEAB1F0035972C /* InfoView.swift in Sources */ = {isa = PBXBuildFile; fileRef = 08927D9E24BEAB1F0035972C /* InfoView.swift */; };
		08927DA024BEAB1F0035972C /* InfoView.swift in Sources */ = {isa = PBXBuildFile; fileRef = 08927D9E24BEAB1F0035972C /* InfoView.swift */; };
		08927DA324BEAC240035972C /* HymnalsView.swift in Sources */ = {isa = PBXBuildFile; fileRef = 08927DA224BEAC240035972C /* HymnalsView.swift */; };
		08927DA424BEAC240035972C /* HymnalsView.swift in Sources */ = {isa = PBXBuildFile; fileRef = 08927DA224BEAC240035972C /* HymnalsView.swift */; };
		08927DA724BEB9540035972C /* SearchBarView.swift in Sources */ = {isa = PBXBuildFile; fileRef = 08927DA624BEB9540035972C /* SearchBarView.swift */; };
		08927DA824BEB9540035972C /* SearchBarView.swift in Sources */ = {isa = PBXBuildFile; fileRef = 08927DA624BEB9540035972C /* SearchBarView.swift */; };
		08927DAE24BEBBBB0035972C /* HymnModel.swift in Sources */ = {isa = PBXBuildFile; fileRef = 08927DAD24BEBBBB0035972C /* HymnModel.swift */; };
		08927DAF24BEBBBB0035972C /* HymnModel.swift in Sources */ = {isa = PBXBuildFile; fileRef = 08927DAD24BEBBBB0035972C /* HymnModel.swift */; };
		08927E3624C3E7BE0035972C /* Data.swift in Sources */ = {isa = PBXBuildFile; fileRef = 08927E3524C3E7BE0035972C /* Data.swift */; };
		08927E3724C3E7BE0035972C /* Data.swift in Sources */ = {isa = PBXBuildFile; fileRef = 08927E3524C3E7BE0035972C /* Data.swift */; };
		08927E3824C3E7BE0035972C /* Data.swift in Sources */ = {isa = PBXBuildFile; fileRef = 08927E3524C3E7BE0035972C /* Data.swift */; };
		08927E3924C3E7BE0035972C /* Data.swift in Sources */ = {isa = PBXBuildFile; fileRef = 08927E3524C3E7BE0035972C /* Data.swift */; };
		08927E3B24C3E7F90035972C /* english.json in Resources */ = {isa = PBXBuildFile; fileRef = 08927E3A24C3E7F90035972C /* english.json */; };
		08927E3C24C3E7F90035972C /* english.json in Resources */ = {isa = PBXBuildFile; fileRef = 08927E3A24C3E7F90035972C /* english.json */; };
		08927E3D24C3E7F90035972C /* english.json in Resources */ = {isa = PBXBuildFile; fileRef = 08927E3A24C3E7F90035972C /* english.json */; };
		08927E3E24C3E7F90035972C /* english.json in Resources */ = {isa = PBXBuildFile; fileRef = 08927E3A24C3E7F90035972C /* english.json */; };
		08927E4024C3F8230035972C /* HymnView.swift in Sources */ = {isa = PBXBuildFile; fileRef = 08927E3F24C3F8230035972C /* HymnView.swift */; };
		08927E4124C3F8230035972C /* HymnView.swift in Sources */ = {isa = PBXBuildFile; fileRef = 08927E3F24C3F8230035972C /* HymnView.swift */; };
		08927E4224C3F8230035972C /* HymnView.swift in Sources */ = {isa = PBXBuildFile; fileRef = 08927E3F24C3F8230035972C /* HymnView.swift */; };
		08927E4324C3F8230035972C /* HymnView.swift in Sources */ = {isa = PBXBuildFile; fileRef = 08927E3F24C3F8230035972C /* HymnView.swift */; };
		08927E4524C402BF0035972C /* HymnalView.swift in Sources */ = {isa = PBXBuildFile; fileRef = 08927E4424C402BF0035972C /* HymnalView.swift */; };
		08927E4624C402BF0035972C /* HymnalView.swift in Sources */ = {isa = PBXBuildFile; fileRef = 08927E4424C402BF0035972C /* HymnalView.swift */; };
		08927E4724C402BF0035972C /* HymnalView.swift in Sources */ = {isa = PBXBuildFile; fileRef = 08927E4424C402BF0035972C /* HymnalView.swift */; };
		08927E4824C402BF0035972C /* HymnalView.swift in Sources */ = {isa = PBXBuildFile; fileRef = 08927E4424C402BF0035972C /* HymnalView.swift */; };
		08927E7F24C411170035972C /* swahili.json in Resources */ = {isa = PBXBuildFile; fileRef = 08927E7624C411160035972C /* swahili.json */; };
		08927E8024C411170035972C /* swahili.json in Resources */ = {isa = PBXBuildFile; fileRef = 08927E7624C411160035972C /* swahili.json */; };
		08927E8124C411170035972C /* swahili.json in Resources */ = {isa = PBXBuildFile; fileRef = 08927E7624C411160035972C /* swahili.json */; };
		08927E8224C411170035972C /* swahili.json in Resources */ = {isa = PBXBuildFile; fileRef = 08927E7624C411160035972C /* swahili.json */; };
		08927E8324C411170035972C /* chichewa.json in Resources */ = {isa = PBXBuildFile; fileRef = 08927E7724C411160035972C /* chichewa.json */; };
		08927E8424C411170035972C /* chichewa.json in Resources */ = {isa = PBXBuildFile; fileRef = 08927E7724C411160035972C /* chichewa.json */; };
		08927E8524C411170035972C /* chichewa.json in Resources */ = {isa = PBXBuildFile; fileRef = 08927E7724C411160035972C /* chichewa.json */; };
		08927E8624C411170035972C /* chichewa.json in Resources */ = {isa = PBXBuildFile; fileRef = 08927E7724C411160035972C /* chichewa.json */; };
		08927E8724C411170035972C /* tswana.json in Resources */ = {isa = PBXBuildFile; fileRef = 08927E7824C411160035972C /* tswana.json */; };
		08927E8824C411170035972C /* tswana.json in Resources */ = {isa = PBXBuildFile; fileRef = 08927E7824C411160035972C /* tswana.json */; };
		08927E8924C411170035972C /* tswana.json in Resources */ = {isa = PBXBuildFile; fileRef = 08927E7824C411160035972C /* tswana.json */; };
		08927E8A24C411170035972C /* tswana.json in Resources */ = {isa = PBXBuildFile; fileRef = 08927E7824C411160035972C /* tswana.json */; };
		08927E8B24C411170035972C /* venda.json in Resources */ = {isa = PBXBuildFile; fileRef = 08927E7924C411160035972C /* venda.json */; };
		08927E8C24C411170035972C /* venda.json in Resources */ = {isa = PBXBuildFile; fileRef = 08927E7924C411160035972C /* venda.json */; };
		08927E8D24C411170035972C /* venda.json in Resources */ = {isa = PBXBuildFile; fileRef = 08927E7924C411160035972C /* venda.json */; };
		08927E8E24C411170035972C /* venda.json in Resources */ = {isa = PBXBuildFile; fileRef = 08927E7924C411160035972C /* venda.json */; };
		08927E8F24C411170035972C /* shona.json in Resources */ = {isa = PBXBuildFile; fileRef = 08927E7A24C411170035972C /* shona.json */; };
		08927E9024C411170035972C /* shona.json in Resources */ = {isa = PBXBuildFile; fileRef = 08927E7A24C411170035972C /* shona.json */; };
		08927E9124C411170035972C /* shona.json in Resources */ = {isa = PBXBuildFile; fileRef = 08927E7A24C411170035972C /* shona.json */; };
		08927E9224C411170035972C /* shona.json in Resources */ = {isa = PBXBuildFile; fileRef = 08927E7A24C411170035972C /* shona.json */; };
		08927E9324C411170035972C /* sotho.json in Resources */ = {isa = PBXBuildFile; fileRef = 08927E7B24C411170035972C /* sotho.json */; };
		08927E9424C411170035972C /* sotho.json in Resources */ = {isa = PBXBuildFile; fileRef = 08927E7B24C411170035972C /* sotho.json */; };
		08927E9524C411170035972C /* sotho.json in Resources */ = {isa = PBXBuildFile; fileRef = 08927E7B24C411170035972C /* sotho.json */; };
		08927E9624C411170035972C /* sotho.json in Resources */ = {isa = PBXBuildFile; fileRef = 08927E7B24C411170035972C /* sotho.json */; };
		08927E9724C411170035972C /* tonga.json in Resources */ = {isa = PBXBuildFile; fileRef = 08927E7C24C411170035972C /* tonga.json */; };
		08927E9824C411170035972C /* tonga.json in Resources */ = {isa = PBXBuildFile; fileRef = 08927E7C24C411170035972C /* tonga.json */; };
		08927E9924C411170035972C /* tonga.json in Resources */ = {isa = PBXBuildFile; fileRef = 08927E7C24C411170035972C /* tonga.json */; };
		08927E9A24C411170035972C /* tonga.json in Resources */ = {isa = PBXBuildFile; fileRef = 08927E7C24C411170035972C /* tonga.json */; };
		08927E9B24C411170035972C /* xhosa.json in Resources */ = {isa = PBXBuildFile; fileRef = 08927E7D24C411170035972C /* xhosa.json */; };
		08927E9C24C411170035972C /* xhosa.json in Resources */ = {isa = PBXBuildFile; fileRef = 08927E7D24C411170035972C /* xhosa.json */; };
		08927E9D24C411170035972C /* xhosa.json in Resources */ = {isa = PBXBuildFile; fileRef = 08927E7D24C411170035972C /* xhosa.json */; };
		08927E9E24C411170035972C /* xhosa.json in Resources */ = {isa = PBXBuildFile; fileRef = 08927E7D24C411170035972C /* xhosa.json */; };
		08927E9F24C411170035972C /* ndebele.json in Resources */ = {isa = PBXBuildFile; fileRef = 08927E7E24C411170035972C /* ndebele.json */; };
		08927EA024C411170035972C /* ndebele.json in Resources */ = {isa = PBXBuildFile; fileRef = 08927E7E24C411170035972C /* ndebele.json */; };
		08927EA124C411170035972C /* ndebele.json in Resources */ = {isa = PBXBuildFile; fileRef = 08927E7E24C411170035972C /* ndebele.json */; };
		08927EA224C411170035972C /* ndebele.json in Resources */ = {isa = PBXBuildFile; fileRef = 08927E7E24C411170035972C /* ndebele.json */; };
		08927EAE24C6A43E0035972C /* ActivityViewController.swift in Sources */ = {isa = PBXBuildFile; fileRef = 08927EAD24C6A43E0035972C /* ActivityViewController.swift */; };
		08927EAF24C6A43E0035972C /* ActivityViewController.swift in Sources */ = {isa = PBXBuildFile; fileRef = 08927EAD24C6A43E0035972C /* ActivityViewController.swift */; };
		08927EB024C6A43E0035972C /* ActivityViewController.swift in Sources */ = {isa = PBXBuildFile; fileRef = 08927EAD24C6A43E0035972C /* ActivityViewController.swift */; };
		08927EB124C6A43E0035972C /* ActivityViewController.swift in Sources */ = {isa = PBXBuildFile; fileRef = 08927EAD24C6A43E0035972C /* ActivityViewController.swift */; };
		08927EB324C6A98C0035972C /* MailView.swift in Sources */ = {isa = PBXBuildFile; fileRef = 08927EB224C6A98C0035972C /* MailView.swift */; };
		08927EB424C6A98C0035972C /* MailView.swift in Sources */ = {isa = PBXBuildFile; fileRef = 08927EB224C6A98C0035972C /* MailView.swift */; };
		08927EB524C6A98C0035972C /* MailView.swift in Sources */ = {isa = PBXBuildFile; fileRef = 08927EB224C6A98C0035972C /* MailView.swift */; };
		08927EB624C6A98C0035972C /* MailView.swift in Sources */ = {isa = PBXBuildFile; fileRef = 08927EB224C6A98C0035972C /* MailView.swift */; };
		08AB2E4D25E8974F0086DA32 /* CollectionRowView.swift in Sources */ = {isa = PBXBuildFile; fileRef = 08AB2E4C25E8974F0086DA32 /* CollectionRowView.swift */; };
		08AB2E5825E8A5470086DA32 /* CollectionItemView.swift in Sources */ = {isa = PBXBuildFile; fileRef = 08AB2E5725E8A5470086DA32 /* CollectionItemView.swift */; };
		08AB2E6925E8B2EA0086DA32 /* CollectionHymnsView.swift in Sources */ = {isa = PBXBuildFile; fileRef = 08AB2E6825E8B2EA0086DA32 /* CollectionHymnsView.swift */; };
		08AB2E7325E944340086DA32 /* EmptyCollectionsView.swift in Sources */ = {isa = PBXBuildFile; fileRef = 08AB2E7225E944340086DA32 /* EmptyCollectionsView.swift */; };
		08CB33A525E2115F00609D65 /* HymnalsViewModel.swift in Sources */ = {isa = PBXBuildFile; fileRef = 08CB33A425E2115F00609D65 /* HymnalsViewModel.swift */; };
		08CB33AF25E2122500609D65 /* HymnalModel.swift in Sources */ = {isa = PBXBuildFile; fileRef = 08CB33AE25E2122500609D65 /* HymnalModel.swift */; };
		08CB33BA25E21AB600609D65 /* SFSymbol.swift in Sources */ = {isa = PBXBuildFile; fileRef = 08CB33B925E21AB600609D65 /* SFSymbol.swift */; };
		08CB33ED25E22DD200609D65 /* Main.xcdatamodeld in Sources */ = {isa = PBXBuildFile; fileRef = 08CB33EB25E22DD200609D65 /* Main.xcdatamodeld */; };
		08CB33F325E2B7BE00609D65 /* PersistenceController.swift in Sources */ = {isa = PBXBuildFile; fileRef = 08CB33F225E2B7BE00609D65 /* PersistenceController.swift */; };
		08CB340425E2D1C400609D65 /* JsonHymn.swift in Sources */ = {isa = PBXBuildFile; fileRef = 08CB340325E2D1C400609D65 /* JsonHymn.swift */; };
		08CB340F25E2FD2E00609D65 /* Hymn+CoreDataClass.swift in Sources */ = {isa = PBXBuildFile; fileRef = 08CB340D25E2FD2E00609D65 /* Hymn+CoreDataClass.swift */; };
		08CB341025E2FD2E00609D65 /* Hymn+CoreDataProperties.swift in Sources */ = {isa = PBXBuildFile; fileRef = 08CB340E25E2FD2E00609D65 /* Hymn+CoreDataProperties.swift */; };
		08CB341625E2FE2500609D65 /* FilteredList.swift in Sources */ = {isa = PBXBuildFile; fileRef = 08CB341525E2FE2500609D65 /* FilteredList.swift */; };
		08CB343025E49CC100609D65 /* SearchBar.swift in Sources */ = {isa = PBXBuildFile; fileRef = 08CB342F25E49CC100609D65 /* SearchBar.swift */; };
		08CB343625E49CE700609D65 /* ViewControllerResolver.swift in Sources */ = {isa = PBXBuildFile; fileRef = 08CB343525E49CE700609D65 /* ViewControllerResolver.swift */; };
		08CB346625E4C5DE00609D65 /* Constants.swift in Sources */ = {isa = PBXBuildFile; fileRef = 08CB346525E4C5DE00609D65 /* Constants.swift */; };
		08CB346725E4C5DE00609D65 /* Constants.swift in Sources */ = {isa = PBXBuildFile; fileRef = 08CB346525E4C5DE00609D65 /* Constants.swift */; };
		08F3E5B524CD5F9B00800D3B /* GoogleService-Info.plist in Resources */ = {isa = PBXBuildFile; fileRef = 08F3E5B424CD5F9B00800D3B /* GoogleService-Info.plist */; };
		08F3E5B624CD5F9B00800D3B /* GoogleService-Info.plist in Resources */ = {isa = PBXBuildFile; fileRef = 08F3E5B424CD5F9B00800D3B /* GoogleService-Info.plist */; };
		08F3E5B724CD5F9B00800D3B /* GoogleService-Info.plist in Resources */ = {isa = PBXBuildFile; fileRef = 08F3E5B424CD5F9B00800D3B /* GoogleService-Info.plist */; };
		08F3E5B824CD5F9B00800D3B /* GoogleService-Info.plist in Resources */ = {isa = PBXBuildFile; fileRef = 08F3E5B424CD5F9B00800D3B /* GoogleService-Info.plist */; };
		08F3E5BA24CD636C00800D3B /* AppDelegate.swift in Sources */ = {isa = PBXBuildFile; fileRef = 08F3E5B924CD636C00800D3B /* AppDelegate.swift */; };
		08F3E5BB24CD636C00800D3B /* AppDelegate.swift in Sources */ = {isa = PBXBuildFile; fileRef = 08F3E5B924CD636C00800D3B /* AppDelegate.swift */; };
		7171DECB21D09E811EF29010 /* Pods_iOS.framework in Frameworks */ = {isa = PBXBuildFile; fileRef = B8DADCE9E89E74D46C8EB2A9 /* Pods_iOS.framework */; };
		F5947F82F4F1C75BA8501F80 /* Pods_macOS.framework in Frameworks */ = {isa = PBXBuildFile; fileRef = 18412AEF9D7D003FF64B695B /* Pods_macOS.framework */; };
/* End PBXBuildFile section */

/* Begin PBXContainerItemProxy section */
		086C941324BE93BD008AFBE5 /* PBXContainerItemProxy */ = {
			isa = PBXContainerItemProxy;
			containerPortal = 086C93F624BE93BC008AFBE5 /* Project object */;
			proxyType = 1;
			remoteGlobalIDString = 086C940124BE93BD008AFBE5;
			remoteInfo = iOS;
		};
		086C941E24BE93BD008AFBE5 /* PBXContainerItemProxy */ = {
			isa = PBXContainerItemProxy;
			containerPortal = 086C93F624BE93BC008AFBE5 /* Project object */;
			proxyType = 1;
			remoteGlobalIDString = 086C940924BE93BD008AFBE5;
			remoteInfo = macOS;
		};
/* End PBXContainerItemProxy section */

/* Begin PBXFileReference section */
		081801D725EA43D10053D295 /* CheckBoxView.swift */ = {isa = PBXFileReference; lastKnownFileType = sourcecode.swift; path = CheckBoxView.swift; sourceTree = "<group>"; };
		0844563D24CD793D00AE352F /* PendingView.swift */ = {isa = PBXFileReference; lastKnownFileType = sourcecode.swift; path = PendingView.swift; sourceTree = "<group>"; };
		0846450025E773F7003AE75A /* ChristInSong.entitlements */ = {isa = PBXFileReference; lastKnownFileType = text.plist.entitlements; path = ChristInSong.entitlements; sourceTree = "<group>"; };
		0846453025E77B41003AE75A /* AddToCollectionView.swift */ = {isa = PBXFileReference; lastKnownFileType = sourcecode.swift; path = AddToCollectionView.swift; sourceTree = "<group>"; };
		0846453625E77E18003AE75A /* ViewState.swift */ = {isa = PBXFileReference; lastKnownFileType = sourcecode.swift; path = ViewState.swift; sourceTree = "<group>"; };
		0846453C25E787EA003AE75A /* Collection+CoreDataClass.swift */ = {isa = PBXFileReference; lastKnownFileType = sourcecode.swift; path = "Collection+CoreDataClass.swift"; sourceTree = SOURCE_ROOT; };
		0846453D25E787EA003AE75A /* Collection+CoreDataProperties.swift */ = {isa = PBXFileReference; lastKnownFileType = sourcecode.swift; path = "Collection+CoreDataProperties.swift"; sourceTree = SOURCE_ROOT; };
		0846454425E7913A003AE75A /* RoundedCorner.swift */ = {isa = PBXFileReference; lastKnownFileType = sourcecode.swift; path = RoundedCorner.swift; sourceTree = "<group>"; };
		0846454E25E79490003AE75A /* FocusTextField.swift */ = {isa = PBXFileReference; lastKnownFileType = sourcecode.swift; path = FocusTextField.swift; sourceTree = "<group>"; };
		0846455525E798A7003AE75A /* CollectionsViewModel.swift */ = {isa = PBXFileReference; lastKnownFileType = sourcecode.swift; path = CollectionsViewModel.swift; sourceTree = "<group>"; };
		08624FA024DBA67E00AF2904 /* StringExtensions.swift */ = {isa = PBXFileReference; lastKnownFileType = sourcecode.swift; path = StringExtensions.swift; sourceTree = "<group>"; };
		086C93FB24BE93BC008AFBE5 /* ChristInSongApp.swift */ = {isa = PBXFileReference; lastKnownFileType = sourcecode.swift; path = ChristInSongApp.swift; sourceTree = "<group>"; };
		086C93FC24BE93BC008AFBE5 /* ContentView.swift */ = {isa = PBXFileReference; lastKnownFileType = sourcecode.swift; path = ContentView.swift; sourceTree = "<group>"; };
		086C93FD24BE93BD008AFBE5 /* Assets.xcassets */ = {isa = PBXFileReference; lastKnownFileType = folder.assetcatalog; path = Assets.xcassets; sourceTree = "<group>"; };
		086C940224BE93BD008AFBE5 /* ChristInSong.app */ = {isa = PBXFileReference; explicitFileType = wrapper.application; includeInIndex = 0; path = ChristInSong.app; sourceTree = BUILT_PRODUCTS_DIR; };
		086C940524BE93BD008AFBE5 /* Info.plist */ = {isa = PBXFileReference; lastKnownFileType = text.plist.xml; path = Info.plist; sourceTree = "<group>"; };
		086C940A24BE93BD008AFBE5 /* ChristInSong.app */ = {isa = PBXFileReference; explicitFileType = wrapper.application; includeInIndex = 0; path = ChristInSong.app; sourceTree = BUILT_PRODUCTS_DIR; };
		086C940C24BE93BD008AFBE5 /* Info.plist */ = {isa = PBXFileReference; lastKnownFileType = text.plist.xml; path = Info.plist; sourceTree = "<group>"; };
		086C940D24BE93BD008AFBE5 /* macOS.entitlements */ = {isa = PBXFileReference; lastKnownFileType = text.plist.entitlements; path = macOS.entitlements; sourceTree = "<group>"; };
		086C941224BE93BD008AFBE5 /* Tests iOS.xctest */ = {isa = PBXFileReference; explicitFileType = wrapper.cfbundle; includeInIndex = 0; path = "Tests iOS.xctest"; sourceTree = BUILT_PRODUCTS_DIR; };
		086C941624BE93BD008AFBE5 /* Tests_iOS.swift */ = {isa = PBXFileReference; lastKnownFileType = sourcecode.swift; path = Tests_iOS.swift; sourceTree = "<group>"; };
		086C941824BE93BD008AFBE5 /* Info.plist */ = {isa = PBXFileReference; lastKnownFileType = text.plist.xml; path = Info.plist; sourceTree = "<group>"; };
		086C941D24BE93BD008AFBE5 /* Tests macOS.xctest */ = {isa = PBXFileReference; explicitFileType = wrapper.cfbundle; includeInIndex = 0; path = "Tests macOS.xctest"; sourceTree = BUILT_PRODUCTS_DIR; };
		086C942124BE93BD008AFBE5 /* Tests_macOS.swift */ = {isa = PBXFileReference; lastKnownFileType = sourcecode.swift; path = Tests_macOS.swift; sourceTree = "<group>"; };
		086C942324BE93BD008AFBE5 /* Info.plist */ = {isa = PBXFileReference; lastKnownFileType = text.plist.xml; path = Info.plist; sourceTree = "<group>"; };
		08927D9224BEA5B60035972C /* HymnsView.swift */ = {isa = PBXFileReference; lastKnownFileType = sourcecode.swift; path = HymnsView.swift; sourceTree = "<group>"; };
		08927D9624BEAAD00035972C /* CollectionsView.swift */ = {isa = PBXFileReference; lastKnownFileType = sourcecode.swift; path = CollectionsView.swift; sourceTree = "<group>"; };
		08927D9A24BEAAFC0035972C /* SupportView.swift */ = {isa = PBXFileReference; lastKnownFileType = sourcecode.swift; path = SupportView.swift; sourceTree = "<group>"; };
		08927D9E24BEAB1F0035972C /* InfoView.swift */ = {isa = PBXFileReference; lastKnownFileType = sourcecode.swift; path = InfoView.swift; sourceTree = "<group>"; };
		08927DA224BEAC240035972C /* HymnalsView.swift */ = {isa = PBXFileReference; lastKnownFileType = sourcecode.swift; path = HymnalsView.swift; sourceTree = "<group>"; };
		08927DA624BEB9540035972C /* SearchBarView.swift */ = {isa = PBXFileReference; lastKnownFileType = sourcecode.swift; path = SearchBarView.swift; sourceTree = "<group>"; };
		08927DAD24BEBBBB0035972C /* HymnModel.swift */ = {isa = PBXFileReference; lastKnownFileType = sourcecode.swift; path = HymnModel.swift; sourceTree = "<group>"; };
		08927E3524C3E7BE0035972C /* Data.swift */ = {isa = PBXFileReference; lastKnownFileType = sourcecode.swift; path = Data.swift; sourceTree = "<group>"; };
		08927E3A24C3E7F90035972C /* english.json */ = {isa = PBXFileReference; fileEncoding = 4; lastKnownFileType = text.json; path = english.json; sourceTree = "<group>"; };
		08927E3F24C3F8230035972C /* HymnView.swift */ = {isa = PBXFileReference; lastKnownFileType = sourcecode.swift; path = HymnView.swift; sourceTree = "<group>"; };
		08927E4424C402BF0035972C /* HymnalView.swift */ = {isa = PBXFileReference; lastKnownFileType = sourcecode.swift; path = HymnalView.swift; sourceTree = "<group>"; };
		08927E7624C411160035972C /* swahili.json */ = {isa = PBXFileReference; fileEncoding = 4; lastKnownFileType = text.json; path = swahili.json; sourceTree = "<group>"; };
		08927E7724C411160035972C /* chichewa.json */ = {isa = PBXFileReference; fileEncoding = 4; lastKnownFileType = text.json; path = chichewa.json; sourceTree = "<group>"; };
		08927E7824C411160035972C /* tswana.json */ = {isa = PBXFileReference; fileEncoding = 4; lastKnownFileType = text.json; path = tswana.json; sourceTree = "<group>"; };
		08927E7924C411160035972C /* venda.json */ = {isa = PBXFileReference; fileEncoding = 4; lastKnownFileType = text.json; path = venda.json; sourceTree = "<group>"; };
		08927E7A24C411170035972C /* shona.json */ = {isa = PBXFileReference; fileEncoding = 4; lastKnownFileType = text.json; path = shona.json; sourceTree = "<group>"; };
		08927E7B24C411170035972C /* sotho.json */ = {isa = PBXFileReference; fileEncoding = 4; lastKnownFileType = text.json; path = sotho.json; sourceTree = "<group>"; };
		08927E7C24C411170035972C /* tonga.json */ = {isa = PBXFileReference; fileEncoding = 4; lastKnownFileType = text.json; path = tonga.json; sourceTree = "<group>"; };
		08927E7D24C411170035972C /* xhosa.json */ = {isa = PBXFileReference; fileEncoding = 4; lastKnownFileType = text.json; path = xhosa.json; sourceTree = "<group>"; };
		08927E7E24C411170035972C /* ndebele.json */ = {isa = PBXFileReference; fileEncoding = 4; lastKnownFileType = text.json; path = ndebele.json; sourceTree = "<group>"; };
		08927EAD24C6A43E0035972C /* ActivityViewController.swift */ = {isa = PBXFileReference; lastKnownFileType = sourcecode.swift; path = ActivityViewController.swift; sourceTree = "<group>"; };
		08927EB224C6A98C0035972C /* MailView.swift */ = {isa = PBXFileReference; lastKnownFileType = sourcecode.swift; path = MailView.swift; sourceTree = "<group>"; };
		08AB2E4C25E8974F0086DA32 /* CollectionRowView.swift */ = {isa = PBXFileReference; lastKnownFileType = sourcecode.swift; path = CollectionRowView.swift; sourceTree = "<group>"; };
		08AB2E5725E8A5470086DA32 /* CollectionItemView.swift */ = {isa = PBXFileReference; lastKnownFileType = sourcecode.swift; path = CollectionItemView.swift; sourceTree = "<group>"; };
		08AB2E6825E8B2EA0086DA32 /* CollectionHymnsView.swift */ = {isa = PBXFileReference; lastKnownFileType = sourcecode.swift; path = CollectionHymnsView.swift; sourceTree = "<group>"; };
		08AB2E7225E944340086DA32 /* EmptyCollectionsView.swift */ = {isa = PBXFileReference; lastKnownFileType = sourcecode.swift; path = EmptyCollectionsView.swift; sourceTree = "<group>"; };
		08CB33A425E2115F00609D65 /* HymnalsViewModel.swift */ = {isa = PBXFileReference; lastKnownFileType = sourcecode.swift; path = HymnalsViewModel.swift; sourceTree = "<group>"; };
		08CB33AE25E2122500609D65 /* HymnalModel.swift */ = {isa = PBXFileReference; lastKnownFileType = sourcecode.swift; path = HymnalModel.swift; sourceTree = "<group>"; };
		08CB33B925E21AB600609D65 /* SFSymbol.swift */ = {isa = PBXFileReference; lastKnownFileType = sourcecode.swift; path = SFSymbol.swift; sourceTree = "<group>"; };
		08CB33EC25E22DD200609D65 /* Main.xcdatamodel */ = {isa = PBXFileReference; lastKnownFileType = wrapper.xcdatamodel; path = Main.xcdatamodel; sourceTree = "<group>"; };
		08CB33F225E2B7BE00609D65 /* PersistenceController.swift */ = {isa = PBXFileReference; lastKnownFileType = sourcecode.swift; path = PersistenceController.swift; sourceTree = "<group>"; };
		08CB340325E2D1C400609D65 /* JsonHymn.swift */ = {isa = PBXFileReference; lastKnownFileType = sourcecode.swift; path = JsonHymn.swift; sourceTree = "<group>"; };
		08CB340D25E2FD2E00609D65 /* Hymn+CoreDataClass.swift */ = {isa = PBXFileReference; lastKnownFileType = sourcecode.swift; path = "Hymn+CoreDataClass.swift"; sourceTree = SOURCE_ROOT; };
		08CB340E25E2FD2E00609D65 /* Hymn+CoreDataProperties.swift */ = {isa = PBXFileReference; lastKnownFileType = sourcecode.swift; path = "Hymn+CoreDataProperties.swift"; sourceTree = SOURCE_ROOT; };
		08CB341525E2FE2500609D65 /* FilteredList.swift */ = {isa = PBXFileReference; lastKnownFileType = sourcecode.swift; path = FilteredList.swift; sourceTree = "<group>"; };
		08CB342F25E49CC100609D65 /* SearchBar.swift */ = {isa = PBXFileReference; lastKnownFileType = sourcecode.swift; path = SearchBar.swift; sourceTree = "<group>"; };
		08CB343525E49CE700609D65 /* ViewControllerResolver.swift */ = {isa = PBXFileReference; lastKnownFileType = sourcecode.swift; path = ViewControllerResolver.swift; sourceTree = "<group>"; };
		08CB346525E4C5DE00609D65 /* Constants.swift */ = {isa = PBXFileReference; lastKnownFileType = sourcecode.swift; path = Constants.swift; sourceTree = "<group>"; };
		08F3E5B424CD5F9B00800D3B /* GoogleService-Info.plist */ = {isa = PBXFileReference; fileEncoding = 4; lastKnownFileType = text.plist.xml; path = "GoogleService-Info.plist"; sourceTree = "<group>"; };
		08F3E5B924CD636C00800D3B /* AppDelegate.swift */ = {isa = PBXFileReference; lastKnownFileType = sourcecode.swift; path = AppDelegate.swift; sourceTree = "<group>"; };
		18412AEF9D7D003FF64B695B /* Pods_macOS.framework */ = {isa = PBXFileReference; explicitFileType = wrapper.framework; includeInIndex = 0; path = Pods_macOS.framework; sourceTree = BUILT_PRODUCTS_DIR; };
		3E60508D0E3E4FAFF6BD9322 /* Pods-macOS.debug.xcconfig */ = {isa = PBXFileReference; includeInIndex = 1; lastKnownFileType = text.xcconfig; name = "Pods-macOS.debug.xcconfig"; path = "Target Support Files/Pods-macOS/Pods-macOS.debug.xcconfig"; sourceTree = "<group>"; };
		69B0579CBBCF659E463C333F /* Pods-macOS.release.xcconfig */ = {isa = PBXFileReference; includeInIndex = 1; lastKnownFileType = text.xcconfig; name = "Pods-macOS.release.xcconfig"; path = "Target Support Files/Pods-macOS/Pods-macOS.release.xcconfig"; sourceTree = "<group>"; };
		949D2313131E8C41E56BCA10 /* Pods-iOS.debug.xcconfig */ = {isa = PBXFileReference; includeInIndex = 1; lastKnownFileType = text.xcconfig; name = "Pods-iOS.debug.xcconfig"; path = "Target Support Files/Pods-iOS/Pods-iOS.debug.xcconfig"; sourceTree = "<group>"; };
		B1F48F3EE68CB913F921E0A8 /* Pods-iOS.release.xcconfig */ = {isa = PBXFileReference; includeInIndex = 1; lastKnownFileType = text.xcconfig; name = "Pods-iOS.release.xcconfig"; path = "Target Support Files/Pods-iOS/Pods-iOS.release.xcconfig"; sourceTree = "<group>"; };
		B8DADCE9E89E74D46C8EB2A9 /* Pods_iOS.framework */ = {isa = PBXFileReference; explicitFileType = wrapper.framework; includeInIndex = 0; path = Pods_iOS.framework; sourceTree = BUILT_PRODUCTS_DIR; };
/* End PBXFileReference section */

/* Begin PBXFrameworksBuildPhase section */
		086C93FF24BE93BD008AFBE5 /* Frameworks */ = {
			isa = PBXFrameworksBuildPhase;
			buildActionMask = 2147483647;
			files = (
				7171DECB21D09E811EF29010 /* Pods_iOS.framework in Frameworks */,
			);
			runOnlyForDeploymentPostprocessing = 0;
		};
		086C940724BE93BD008AFBE5 /* Frameworks */ = {
			isa = PBXFrameworksBuildPhase;
			buildActionMask = 2147483647;
			files = (
				F5947F82F4F1C75BA8501F80 /* Pods_macOS.framework in Frameworks */,
			);
			runOnlyForDeploymentPostprocessing = 0;
		};
		086C940F24BE93BD008AFBE5 /* Frameworks */ = {
			isa = PBXFrameworksBuildPhase;
			buildActionMask = 2147483647;
			files = (
			);
			runOnlyForDeploymentPostprocessing = 0;
		};
		086C941A24BE93BD008AFBE5 /* Frameworks */ = {
			isa = PBXFrameworksBuildPhase;
			buildActionMask = 2147483647;
			files = (
			);
			runOnlyForDeploymentPostprocessing = 0;
		};
/* End PBXFrameworksBuildPhase section */

/* Begin PBXGroup section */
		0846452F25E77B16003AE75A /* Add */ = {
			isa = PBXGroup;
			children = (
				0846453025E77B41003AE75A /* AddToCollectionView.swift */,
				0846453625E77E18003AE75A /* ViewState.swift */,
				08AB2E4C25E8974F0086DA32 /* CollectionRowView.swift */,
			);
			path = Add;
			sourceTree = "<group>";
		};
		0846455425E79881003AE75A /* ViewModel */ = {
			isa = PBXGroup;
			children = (
				0846455525E798A7003AE75A /* CollectionsViewModel.swift */,
			);
			path = ViewModel;
			sourceTree = "<group>";
		};
		086C93F524BE93BC008AFBE5 = {
			isa = PBXGroup;
			children = (
				086C93FA24BE93BC008AFBE5 /* Shared */,
				086C940424BE93BD008AFBE5 /* iOS */,
				086C940B24BE93BD008AFBE5 /* macOS */,
				086C941524BE93BD008AFBE5 /* Tests_iOS */,
				086C942024BE93BD008AFBE5 /* Tests_macOS */,
				086C940324BE93BD008AFBE5 /* Products */,
				82FF486EAF9A7E141CAB3B35 /* Pods */,
				1BDE369C9E3073CFD7BC1332 /* Frameworks */,
			);
			sourceTree = "<group>";
		};
		086C93FA24BE93BC008AFBE5 /* Shared */ = {
			isa = PBXGroup;
			children = (
				08CB33B825E21AA300609D65 /* Common */,
				08927E3424C3E69F0035972C /* Resources */,
				08927DB024BEC0160035972C /* Features */,
				086C93FB24BE93BC008AFBE5 /* ChristInSongApp.swift */,
				086C93FC24BE93BC008AFBE5 /* ContentView.swift */,
				086C93FD24BE93BD008AFBE5 /* Assets.xcassets */,
				08F3E5B924CD636C00800D3B /* AppDelegate.swift */,
			);
			path = Shared;
			sourceTree = "<group>";
		};
		086C940324BE93BD008AFBE5 /* Products */ = {
			isa = PBXGroup;
			children = (
				086C940224BE93BD008AFBE5 /* ChristInSong.app */,
				086C940A24BE93BD008AFBE5 /* ChristInSong.app */,
				086C941224BE93BD008AFBE5 /* Tests iOS.xctest */,
				086C941D24BE93BD008AFBE5 /* Tests macOS.xctest */,
			);
			name = Products;
			sourceTree = "<group>";
		};
		086C940424BE93BD008AFBE5 /* iOS */ = {
			isa = PBXGroup;
			children = (
				0846450025E773F7003AE75A /* ChristInSong.entitlements */,
				08F3E5B424CD5F9B00800D3B /* GoogleService-Info.plist */,
				086C940524BE93BD008AFBE5 /* Info.plist */,
			);
			path = iOS;
			sourceTree = "<group>";
		};
		086C940B24BE93BD008AFBE5 /* macOS */ = {
			isa = PBXGroup;
			children = (
				086C940C24BE93BD008AFBE5 /* Info.plist */,
				086C940D24BE93BD008AFBE5 /* macOS.entitlements */,
			);
			path = macOS;
			sourceTree = "<group>";
		};
		086C941524BE93BD008AFBE5 /* Tests_iOS */ = {
			isa = PBXGroup;
			children = (
				086C941624BE93BD008AFBE5 /* Tests_iOS.swift */,
				086C941824BE93BD008AFBE5 /* Info.plist */,
			);
			path = Tests_iOS;
			sourceTree = "<group>";
		};
		086C942024BE93BD008AFBE5 /* Tests_macOS */ = {
			isa = PBXGroup;
			children = (
				086C942124BE93BD008AFBE5 /* Tests_macOS.swift */,
				086C942324BE93BD008AFBE5 /* Info.plist */,
			);
			path = Tests_macOS;
			sourceTree = "<group>";
		};
		08927D9124BEA58A0035972C /* Hymns */ = {
			isa = PBXGroup;
			children = (
				08927DA124BEAC110035972C /* Hymnals */,
				08927D9224BEA5B60035972C /* HymnsView.swift */,
				08927E3F24C3F8230035972C /* HymnView.swift */,
			);
			path = Hymns;
			sourceTree = "<group>";
		};
		08927D9524BEAAA60035972C /* Collections */ = {
			isa = PBXGroup;
			children = (
				08AB2E5225E8A50C0086DA32 /* View */,
				0846455425E79881003AE75A /* ViewModel */,
				0846452F25E77B16003AE75A /* Add */,
			);
			path = Collections;
			sourceTree = "<group>";
		};
		08927D9924BEAAE80035972C /* Support */ = {
			isa = PBXGroup;
			children = (
				08927D9A24BEAAFC0035972C /* SupportView.swift */,
			);
			path = Support;
			sourceTree = "<group>";
		};
		08927D9D24BEAB0C0035972C /* Info */ = {
			isa = PBXGroup;
			children = (
				08927D9E24BEAB1F0035972C /* InfoView.swift */,
			);
			path = Info;
			sourceTree = "<group>";
		};
		08927DA124BEAC110035972C /* Hymnals */ = {
			isa = PBXGroup;
			children = (
				08CB33A225E2112F00609D65 /* View */,
				08CB33A125E2112200609D65 /* ViewModel */,
			);
			path = Hymnals;
			sourceTree = "<group>";
		};
		08927DA524BEB9360035972C /* Common */ = {
			isa = PBXGroup;
			children = (
				08AB2E5D25E8AE620086DA32 /* Extensions */,
				08CB342E25E49CA200609D65 /* SearchBar */,
				08927DA624BEB9540035972C /* SearchBarView.swift */,
				08927EAD24C6A43E0035972C /* ActivityViewController.swift */,
				08927EB224C6A98C0035972C /* MailView.swift */,
				0844563D24CD793D00AE352F /* PendingView.swift */,
				08CB341525E2FE2500609D65 /* FilteredList.swift */,
				0846454425E7913A003AE75A /* RoundedCorner.swift */,
				0846454E25E79490003AE75A /* FocusTextField.swift */,
				081801D725EA43D10053D295 /* CheckBoxView.swift */,
			);
			path = Common;
			sourceTree = "<group>";
		};
		08927DA924BEBB3B0035972C /* Model */ = {
			isa = PBXGroup;
			children = (
				08CB33AE25E2122500609D65 /* HymnalModel.swift */,
				08927DAD24BEBBBB0035972C /* HymnModel.swift */,
				08927E3524C3E7BE0035972C /* Data.swift */,
				08CB340325E2D1C400609D65 /* JsonHymn.swift */,
			);
			path = Model;
			sourceTree = "<group>";
		};
		08927DB024BEC0160035972C /* Features */ = {
			isa = PBXGroup;
			children = (
				08927D9924BEAAE80035972C /* Support */,
				08927D9124BEA58A0035972C /* Hymns */,
				08927D9524BEAAA60035972C /* Collections */,
				08927DA524BEB9360035972C /* Common */,
				08927D9D24BEAB0C0035972C /* Info */,
			);
			path = Features;
			sourceTree = "<group>";
		};
		08927E3424C3E69F0035972C /* Resources */ = {
			isa = PBXGroup;
			children = (
				08927E7724C411160035972C /* chichewa.json */,
				08927E7E24C411170035972C /* ndebele.json */,
				08927E7A24C411170035972C /* shona.json */,
				08927E7B24C411170035972C /* sotho.json */,
				08927E7624C411160035972C /* swahili.json */,
				08927E7C24C411170035972C /* tonga.json */,
				08927E7824C411160035972C /* tswana.json */,
				08927E7924C411160035972C /* venda.json */,
				08927E7D24C411170035972C /* xhosa.json */,
				08927E3A24C3E7F90035972C /* english.json */,
			);
			path = Resources;
			sourceTree = "<group>";
		};
		08AB2E5225E8A50C0086DA32 /* View */ = {
			isa = PBXGroup;
			children = (
				08927D9624BEAAD00035972C /* CollectionsView.swift */,
				08AB2E5725E8A5470086DA32 /* CollectionItemView.swift */,
				08AB2E6825E8B2EA0086DA32 /* CollectionHymnsView.swift */,
				08AB2E7225E944340086DA32 /* EmptyCollectionsView.swift */,
			);
			path = View;
			sourceTree = "<group>";
		};
		08AB2E5D25E8AE620086DA32 /* Extensions */ = {
			isa = PBXGroup;
			children = (
				08624FA024DBA67E00AF2904 /* StringExtensions.swift */,
			);
			path = Extensions;
			sourceTree = "<group>";
		};
		08CB33A125E2112200609D65 /* ViewModel */ = {
			isa = PBXGroup;
			children = (
				08CB33A425E2115F00609D65 /* HymnalsViewModel.swift */,
			);
			path = ViewModel;
			sourceTree = "<group>";
		};
		08CB33A225E2112F00609D65 /* View */ = {
			isa = PBXGroup;
			children = (
				08927DA224BEAC240035972C /* HymnalsView.swift */,
				08927E4424C402BF0035972C /* HymnalView.swift */,
			);
			path = View;
			sourceTree = "<group>";
		};
		08CB33B825E21AA300609D65 /* Common */ = {
			isa = PBXGroup;
			children = (
				08CB33EA25E22D9E00609D65 /* Data */,
				08927DA924BEBB3B0035972C /* Model */,
				08CB33B925E21AB600609D65 /* SFSymbol.swift */,
				08CB346525E4C5DE00609D65 /* Constants.swift */,
			);
			path = Common;
			sourceTree = "<group>";
		};
		08CB33EA25E22D9E00609D65 /* Data */ = {
			isa = PBXGroup;
			children = (
				0846453C25E787EA003AE75A /* Collection+CoreDataClass.swift */,
				0846453D25E787EA003AE75A /* Collection+CoreDataProperties.swift */,
				08CB340D25E2FD2E00609D65 /* Hymn+CoreDataClass.swift */,
				08CB340E25E2FD2E00609D65 /* Hymn+CoreDataProperties.swift */,
				08CB33EB25E22DD200609D65 /* Main.xcdatamodeld */,
				08CB33F225E2B7BE00609D65 /* PersistenceController.swift */,
			);
			path = Data;
			sourceTree = "<group>";
		};
		08CB342E25E49CA200609D65 /* SearchBar */ = {
			isa = PBXGroup;
			children = (
				08CB342F25E49CC100609D65 /* SearchBar.swift */,
				08CB343525E49CE700609D65 /* ViewControllerResolver.swift */,
			);
			path = SearchBar;
			sourceTree = "<group>";
		};
		1BDE369C9E3073CFD7BC1332 /* Frameworks */ = {
			isa = PBXGroup;
			children = (
				B8DADCE9E89E74D46C8EB2A9 /* Pods_iOS.framework */,
				18412AEF9D7D003FF64B695B /* Pods_macOS.framework */,
			);
			name = Frameworks;
			sourceTree = "<group>";
		};
		82FF486EAF9A7E141CAB3B35 /* Pods */ = {
			isa = PBXGroup;
			children = (
				949D2313131E8C41E56BCA10 /* Pods-iOS.debug.xcconfig */,
				B1F48F3EE68CB913F921E0A8 /* Pods-iOS.release.xcconfig */,
				3E60508D0E3E4FAFF6BD9322 /* Pods-macOS.debug.xcconfig */,
				69B0579CBBCF659E463C333F /* Pods-macOS.release.xcconfig */,
			);
			path = Pods;
			sourceTree = "<group>";
		};
/* End PBXGroup section */

/* Begin PBXNativeTarget section */
		086C940124BE93BD008AFBE5 /* iOS */ = {
			isa = PBXNativeTarget;
			buildConfigurationList = 086C942C24BE93BD008AFBE5 /* Build configuration list for PBXNativeTarget "iOS" */;
			buildPhases = (
				DE5EAAFB3E17280B4D3E3A22 /* [CP] Check Pods Manifest.lock */,
				086C93FE24BE93BD008AFBE5 /* Sources */,
				086C93FF24BE93BD008AFBE5 /* Frameworks */,
				086C940024BE93BD008AFBE5 /* Resources */,
				70677C2F2A025D270EA4DEF5 /* [CP] Embed Pods Frameworks */,
			);
			buildRules = (
			);
			dependencies = (
			);
			name = iOS;
			productName = iOS;
			productReference = 086C940224BE93BD008AFBE5 /* ChristInSong.app */;
			productType = "com.apple.product-type.application";
		};
		086C940924BE93BD008AFBE5 /* macOS */ = {
			isa = PBXNativeTarget;
			buildConfigurationList = 086C942F24BE93BD008AFBE5 /* Build configuration list for PBXNativeTarget "macOS" */;
			buildPhases = (
				409968AA691E3940D402E3BC /* [CP] Check Pods Manifest.lock */,
				086C940624BE93BD008AFBE5 /* Sources */,
				086C940724BE93BD008AFBE5 /* Frameworks */,
				086C940824BE93BD008AFBE5 /* Resources */,
			);
			buildRules = (
			);
			dependencies = (
			);
			name = macOS;
			productName = macOS;
			productReference = 086C940A24BE93BD008AFBE5 /* ChristInSong.app */;
			productType = "com.apple.product-type.application";
		};
		086C941124BE93BD008AFBE5 /* Tests iOS */ = {
			isa = PBXNativeTarget;
			buildConfigurationList = 086C943224BE93BD008AFBE5 /* Build configuration list for PBXNativeTarget "Tests iOS" */;
			buildPhases = (
				086C940E24BE93BD008AFBE5 /* Sources */,
				086C940F24BE93BD008AFBE5 /* Frameworks */,
				086C941024BE93BD008AFBE5 /* Resources */,
			);
			buildRules = (
			);
			dependencies = (
				086C941424BE93BD008AFBE5 /* PBXTargetDependency */,
			);
			name = "Tests iOS";
			productName = "Tests iOS";
			productReference = 086C941224BE93BD008AFBE5 /* Tests iOS.xctest */;
			productType = "com.apple.product-type.bundle.ui-testing";
		};
		086C941C24BE93BD008AFBE5 /* Tests macOS */ = {
			isa = PBXNativeTarget;
			buildConfigurationList = 086C943524BE93BD008AFBE5 /* Build configuration list for PBXNativeTarget "Tests macOS" */;
			buildPhases = (
				086C941924BE93BD008AFBE5 /* Sources */,
				086C941A24BE93BD008AFBE5 /* Frameworks */,
				086C941B24BE93BD008AFBE5 /* Resources */,
			);
			buildRules = (
			);
			dependencies = (
				086C941F24BE93BD008AFBE5 /* PBXTargetDependency */,
			);
			name = "Tests macOS";
			productName = "Tests macOS";
			productReference = 086C941D24BE93BD008AFBE5 /* Tests macOS.xctest */;
			productType = "com.apple.product-type.bundle.ui-testing";
		};
/* End PBXNativeTarget section */

/* Begin PBXProject section */
		086C93F624BE93BC008AFBE5 /* Project object */ = {
			isa = PBXProject;
			attributes = {
				LastSwiftUpdateCheck = 1200;
				LastUpgradeCheck = 1200;
				TargetAttributes = {
					086C940124BE93BD008AFBE5 = {
						CreatedOnToolsVersion = 12.0;
					};
					086C940924BE93BD008AFBE5 = {
						CreatedOnToolsVersion = 12.0;
					};
					086C941124BE93BD008AFBE5 = {
						CreatedOnToolsVersion = 12.0;
						TestTargetID = 086C940124BE93BD008AFBE5;
					};
					086C941C24BE93BD008AFBE5 = {
						CreatedOnToolsVersion = 12.0;
						TestTargetID = 086C940924BE93BD008AFBE5;
					};
				};
			};
			buildConfigurationList = 086C93F924BE93BC008AFBE5 /* Build configuration list for PBXProject "ChristInSong" */;
			compatibilityVersion = "Xcode 9.3";
			developmentRegion = en;
			hasScannedForEncodings = 0;
			knownRegions = (
				en,
				Base,
			);
			mainGroup = 086C93F524BE93BC008AFBE5;
			productRefGroup = 086C940324BE93BD008AFBE5 /* Products */;
			projectDirPath = "";
			projectRoot = "";
			targets = (
				086C940124BE93BD008AFBE5 /* iOS */,
				086C940924BE93BD008AFBE5 /* macOS */,
				086C941124BE93BD008AFBE5 /* Tests iOS */,
				086C941C24BE93BD008AFBE5 /* Tests macOS */,
			);
		};
/* End PBXProject section */

/* Begin PBXResourcesBuildPhase section */
		086C940024BE93BD008AFBE5 /* Resources */ = {
			isa = PBXResourcesBuildPhase;
			buildActionMask = 2147483647;
			files = (
				08927E8F24C411170035972C /* shona.json in Resources */,
				08927E3B24C3E7F90035972C /* english.json in Resources */,
				08927E8724C411170035972C /* tswana.json in Resources */,
				08927E9B24C411170035972C /* xhosa.json in Resources */,
				08927E8324C411170035972C /* chichewa.json in Resources */,
				08F3E5B524CD5F9B00800D3B /* GoogleService-Info.plist in Resources */,
				08927E9724C411170035972C /* tonga.json in Resources */,
				086C942824BE93BD008AFBE5 /* Assets.xcassets in Resources */,
				08927E8B24C411170035972C /* venda.json in Resources */,
				08927E7F24C411170035972C /* swahili.json in Resources */,
				08927E9324C411170035972C /* sotho.json in Resources */,
				08927E9F24C411170035972C /* ndebele.json in Resources */,
			);
			runOnlyForDeploymentPostprocessing = 0;
		};
		086C940824BE93BD008AFBE5 /* Resources */ = {
			isa = PBXResourcesBuildPhase;
			buildActionMask = 2147483647;
			files = (
				08927E9024C411170035972C /* shona.json in Resources */,
				08927E3C24C3E7F90035972C /* english.json in Resources */,
				08927E8824C411170035972C /* tswana.json in Resources */,
				08927E9C24C411170035972C /* xhosa.json in Resources */,
				08927E8424C411170035972C /* chichewa.json in Resources */,
				08F3E5B624CD5F9B00800D3B /* GoogleService-Info.plist in Resources */,
				08927E9824C411170035972C /* tonga.json in Resources */,
				086C942924BE93BD008AFBE5 /* Assets.xcassets in Resources */,
				08927E8C24C411170035972C /* venda.json in Resources */,
				08927E8024C411170035972C /* swahili.json in Resources */,
				08927E9424C411170035972C /* sotho.json in Resources */,
				08927EA024C411170035972C /* ndebele.json in Resources */,
			);
			runOnlyForDeploymentPostprocessing = 0;
		};
		086C941024BE93BD008AFBE5 /* Resources */ = {
			isa = PBXResourcesBuildPhase;
			buildActionMask = 2147483647;
			files = (
				08927E9524C411170035972C /* sotho.json in Resources */,
				08927E9D24C411170035972C /* xhosa.json in Resources */,
				08927E8524C411170035972C /* chichewa.json in Resources */,
				08927E9124C411170035972C /* shona.json in Resources */,
				08927E9924C411170035972C /* tonga.json in Resources */,
				08927E8924C411170035972C /* tswana.json in Resources */,
				08927E3D24C3E7F90035972C /* english.json in Resources */,
				08927E8D24C411170035972C /* venda.json in Resources */,
				08F3E5B724CD5F9B00800D3B /* GoogleService-Info.plist in Resources */,
				08927E8124C411170035972C /* swahili.json in Resources */,
				08927EA124C411170035972C /* ndebele.json in Resources */,
			);
			runOnlyForDeploymentPostprocessing = 0;
		};
		086C941B24BE93BD008AFBE5 /* Resources */ = {
			isa = PBXResourcesBuildPhase;
			buildActionMask = 2147483647;
			files = (
				08927E9624C411170035972C /* sotho.json in Resources */,
				08927E9E24C411170035972C /* xhosa.json in Resources */,
				08927E8624C411170035972C /* chichewa.json in Resources */,
				08927E9224C411170035972C /* shona.json in Resources */,
				08927E9A24C411170035972C /* tonga.json in Resources */,
				08927E8A24C411170035972C /* tswana.json in Resources */,
				08927E3E24C3E7F90035972C /* english.json in Resources */,
				08927E8E24C411170035972C /* venda.json in Resources */,
				08F3E5B824CD5F9B00800D3B /* GoogleService-Info.plist in Resources */,
				08927E8224C411170035972C /* swahili.json in Resources */,
				08927EA224C411170035972C /* ndebele.json in Resources */,
			);
			runOnlyForDeploymentPostprocessing = 0;
		};
/* End PBXResourcesBuildPhase section */

/* Begin PBXShellScriptBuildPhase section */
		409968AA691E3940D402E3BC /* [CP] Check Pods Manifest.lock */ = {
			isa = PBXShellScriptBuildPhase;
			buildActionMask = 2147483647;
			files = (
			);
			inputFileListPaths = (
			);
			inputPaths = (
				"${PODS_PODFILE_DIR_PATH}/Podfile.lock",
				"${PODS_ROOT}/Manifest.lock",
			);
			name = "[CP] Check Pods Manifest.lock";
			outputFileListPaths = (
			);
			outputPaths = (
				"$(DERIVED_FILE_DIR)/Pods-macOS-checkManifestLockResult.txt",
			);
			runOnlyForDeploymentPostprocessing = 0;
			shellPath = /bin/sh;
			shellScript = "diff \"${PODS_PODFILE_DIR_PATH}/Podfile.lock\" \"${PODS_ROOT}/Manifest.lock\" > /dev/null\nif [ $? != 0 ] ; then\n    # print error to STDERR\n    echo \"error: The sandbox is not in sync with the Podfile.lock. Run 'pod install' or update your CocoaPods installation.\" >&2\n    exit 1\nfi\n# This output is used by Xcode 'outputs' to avoid re-running this script phase.\necho \"SUCCESS\" > \"${SCRIPT_OUTPUT_FILE_0}\"\n";
			showEnvVarsInLog = 0;
		};
		70677C2F2A025D270EA4DEF5 /* [CP] Embed Pods Frameworks */ = {
			isa = PBXShellScriptBuildPhase;
			buildActionMask = 2147483647;
			files = (
			);
			inputFileListPaths = (
				"${PODS_ROOT}/Target Support Files/Pods-iOS/Pods-iOS-frameworks-${CONFIGURATION}-input-files.xcfilelist",
			);
			name = "[CP] Embed Pods Frameworks";
			outputFileListPaths = (
				"${PODS_ROOT}/Target Support Files/Pods-iOS/Pods-iOS-frameworks-${CONFIGURATION}-output-files.xcfilelist",
			);
			runOnlyForDeploymentPostprocessing = 0;
			shellPath = /bin/sh;
			shellScript = "\"${PODS_ROOT}/Target Support Files/Pods-iOS/Pods-iOS-frameworks.sh\"\n";
			showEnvVarsInLog = 0;
		};
		DE5EAAFB3E17280B4D3E3A22 /* [CP] Check Pods Manifest.lock */ = {
			isa = PBXShellScriptBuildPhase;
			buildActionMask = 2147483647;
			files = (
			);
			inputFileListPaths = (
			);
			inputPaths = (
				"${PODS_PODFILE_DIR_PATH}/Podfile.lock",
				"${PODS_ROOT}/Manifest.lock",
			);
			name = "[CP] Check Pods Manifest.lock";
			outputFileListPaths = (
			);
			outputPaths = (
				"$(DERIVED_FILE_DIR)/Pods-iOS-checkManifestLockResult.txt",
			);
			runOnlyForDeploymentPostprocessing = 0;
			shellPath = /bin/sh;
			shellScript = "diff \"${PODS_PODFILE_DIR_PATH}/Podfile.lock\" \"${PODS_ROOT}/Manifest.lock\" > /dev/null\nif [ $? != 0 ] ; then\n    # print error to STDERR\n    echo \"error: The sandbox is not in sync with the Podfile.lock. Run 'pod install' or update your CocoaPods installation.\" >&2\n    exit 1\nfi\n# This output is used by Xcode 'outputs' to avoid re-running this script phase.\necho \"SUCCESS\" > \"${SCRIPT_OUTPUT_FILE_0}\"\n";
			showEnvVarsInLog = 0;
		};
/* End PBXShellScriptBuildPhase section */

/* Begin PBXSourcesBuildPhase section */
		086C93FE24BE93BD008AFBE5 /* Sources */ = {
			isa = PBXSourcesBuildPhase;
			buildActionMask = 2147483647;
			files = (
				08CB33F325E2B7BE00609D65 /* PersistenceController.swift in Sources */,
				08927D9B24BEAAFC0035972C /* SupportView.swift in Sources */,
				08CB340425E2D1C400609D65 /* JsonHymn.swift in Sources */,
				0846453F25E787EA003AE75A /* Collection+CoreDataProperties.swift in Sources */,
				08624FA124DBA67E00AF2904 /* StringExtensions.swift in Sources */,
				08CB346625E4C5DE00609D65 /* Constants.swift in Sources */,
				08927D9324BEA5B60035972C /* HymnsView.swift in Sources */,
				081801D825EA43D10053D295 /* CheckBoxView.swift in Sources */,
				08CB340F25E2FD2E00609D65 /* Hymn+CoreDataClass.swift in Sources */,
				08927E4524C402BF0035972C /* HymnalView.swift in Sources */,
				086C942624BE93BD008AFBE5 /* ContentView.swift in Sources */,
				0846453E25E787EA003AE75A /* Collection+CoreDataClass.swift in Sources */,
				08AB2E5825E8A5470086DA32 /* CollectionItemView.swift in Sources */,
				08927DAE24BEBBBB0035972C /* HymnModel.swift in Sources */,
				0846455625E798A7003AE75A /* CollectionsViewModel.swift in Sources */,
				08CB33BA25E21AB600609D65 /* SFSymbol.swift in Sources */,
				08CB341625E2FE2500609D65 /* FilteredList.swift in Sources */,
				08927E4024C3F8230035972C /* HymnView.swift in Sources */,
				0846453125E77B41003AE75A /* AddToCollectionView.swift in Sources */,
				0844563E24CD793D00AE352F /* PendingView.swift in Sources */,
				08927EB324C6A98C0035972C /* MailView.swift in Sources */,
				08AB2E6925E8B2EA0086DA32 /* CollectionHymnsView.swift in Sources */,
				08927E3624C3E7BE0035972C /* Data.swift in Sources */,
				08CB343625E49CE700609D65 /* ViewControllerResolver.swift in Sources */,
				0846453725E77E18003AE75A /* ViewState.swift in Sources */,
				08927D9724BEAAD00035972C /* CollectionsView.swift in Sources */,
				08927DA324BEAC240035972C /* HymnalsView.swift in Sources */,
				08CB343025E49CC100609D65 /* SearchBar.swift in Sources */,
				08927DA724BEB9540035972C /* SearchBarView.swift in Sources */,
				08CB33A525E2115F00609D65 /* HymnalsViewModel.swift in Sources */,
				0846454525E7913A003AE75A /* RoundedCorner.swift in Sources */,
				08AB2E7325E944340086DA32 /* EmptyCollectionsView.swift in Sources */,
				08AB2E4D25E8974F0086DA32 /* CollectionRowView.swift in Sources */,
				08927D9F24BEAB1F0035972C /* InfoView.swift in Sources */,
				0846454F25E79490003AE75A /* FocusTextField.swift in Sources */,
				08CB33AF25E2122500609D65 /* HymnalModel.swift in Sources */,
				08927EAE24C6A43E0035972C /* ActivityViewController.swift in Sources */,
				08F3E5BA24CD636C00800D3B /* AppDelegate.swift in Sources */,
				08CB341025E2FD2E00609D65 /* Hymn+CoreDataProperties.swift in Sources */,
				08CB33ED25E22DD200609D65 /* Main.xcdatamodeld in Sources */,
				086C942424BE93BD008AFBE5 /* ChristInSongApp.swift in Sources */,
			);
			runOnlyForDeploymentPostprocessing = 0;
		};
		086C940624BE93BD008AFBE5 /* Sources */ = {
			isa = PBXSourcesBuildPhase;
			buildActionMask = 2147483647;
			files = (
				08CB346725E4C5DE00609D65 /* Constants.swift in Sources */,
				08927D9C24BEAAFC0035972C /* SupportView.swift in Sources */,
				08624FA224DBA67E00AF2904 /* StringExtensions.swift in Sources */,
				08927D9424BEA5B60035972C /* HymnsView.swift in Sources */,
				08927E4624C402BF0035972C /* HymnalView.swift in Sources */,
				086C942724BE93BD008AFBE5 /* ContentView.swift in Sources */,
				08927DAF24BEBBBB0035972C /* HymnModel.swift in Sources */,
				08927E4124C3F8230035972C /* HymnView.swift in Sources */,
				0844563F24CD793D00AE352F /* PendingView.swift in Sources */,
				08927EB424C6A98C0035972C /* MailView.swift in Sources */,
				081801D925EA43D10053D295 /* CheckBoxView.swift in Sources */,
				08927E3724C3E7BE0035972C /* Data.swift in Sources */,
				08927D9824BEAAD00035972C /* CollectionsView.swift in Sources */,
				08927DA424BEAC240035972C /* HymnalsView.swift in Sources */,
				08927DA824BEB9540035972C /* SearchBarView.swift in Sources */,
				08927DA024BEAB1F0035972C /* InfoView.swift in Sources */,
				08927EAF24C6A43E0035972C /* ActivityViewController.swift in Sources */,
				08F3E5BB24CD636C00800D3B /* AppDelegate.swift in Sources */,
				086C942524BE93BD008AFBE5 /* ChristInSongApp.swift in Sources */,
			);
			runOnlyForDeploymentPostprocessing = 0;
		};
		086C940E24BE93BD008AFBE5 /* Sources */ = {
			isa = PBXSourcesBuildPhase;
			buildActionMask = 2147483647;
			files = (
				086C941724BE93BD008AFBE5 /* Tests_iOS.swift in Sources */,
				081801DA25EA43D10053D295 /* CheckBoxView.swift in Sources */,
				08927EB024C6A43E0035972C /* ActivityViewController.swift in Sources */,
				08927E4224C3F8230035972C /* HymnView.swift in Sources */,
				08927E3824C3E7BE0035972C /* Data.swift in Sources */,
				08624FA324DBA67E00AF2904 /* StringExtensions.swift in Sources */,
				08927E4724C402BF0035972C /* HymnalView.swift in Sources */,
				08927EB524C6A98C0035972C /* MailView.swift in Sources */,
				0844564024CD793D00AE352F /* PendingView.swift in Sources */,
			);
			runOnlyForDeploymentPostprocessing = 0;
		};
		086C941924BE93BD008AFBE5 /* Sources */ = {
			isa = PBXSourcesBuildPhase;
			buildActionMask = 2147483647;
			files = (
				086C942224BE93BD008AFBE5 /* Tests_macOS.swift in Sources */,
				081801DB25EA43D10053D295 /* CheckBoxView.swift in Sources */,
				08927EB124C6A43E0035972C /* ActivityViewController.swift in Sources */,
				08927E4324C3F8230035972C /* HymnView.swift in Sources */,
				08927E3924C3E7BE0035972C /* Data.swift in Sources */,
				08624FA424DBA67E00AF2904 /* StringExtensions.swift in Sources */,
				08927E4824C402BF0035972C /* HymnalView.swift in Sources */,
				08927EB624C6A98C0035972C /* MailView.swift in Sources */,
				0844564124CD793D00AE352F /* PendingView.swift in Sources */,
			);
			runOnlyForDeploymentPostprocessing = 0;
		};
/* End PBXSourcesBuildPhase section */

/* Begin PBXTargetDependency section */
		086C941424BE93BD008AFBE5 /* PBXTargetDependency */ = {
			isa = PBXTargetDependency;
			target = 086C940124BE93BD008AFBE5 /* iOS */;
			targetProxy = 086C941324BE93BD008AFBE5 /* PBXContainerItemProxy */;
		};
		086C941F24BE93BD008AFBE5 /* PBXTargetDependency */ = {
			isa = PBXTargetDependency;
			target = 086C940924BE93BD008AFBE5 /* macOS */;
			targetProxy = 086C941E24BE93BD008AFBE5 /* PBXContainerItemProxy */;
		};
/* End PBXTargetDependency section */

/* Begin XCBuildConfiguration section */
		086C942A24BE93BD008AFBE5 /* Debug */ = {
			isa = XCBuildConfiguration;
			buildSettings = {
				ALWAYS_SEARCH_USER_PATHS = NO;
				CLANG_ANALYZER_NONNULL = YES;
				CLANG_ANALYZER_NUMBER_OBJECT_CONVERSION = YES_AGGRESSIVE;
				CLANG_CXX_LANGUAGE_STANDARD = "gnu++14";
				CLANG_CXX_LIBRARY = "libc++";
				CLANG_ENABLE_MODULES = YES;
				CLANG_ENABLE_OBJC_ARC = YES;
				CLANG_ENABLE_OBJC_WEAK = YES;
				CLANG_WARN_BLOCK_CAPTURE_AUTORELEASING = YES;
				CLANG_WARN_BOOL_CONVERSION = YES;
				CLANG_WARN_COMMA = YES;
				CLANG_WARN_CONSTANT_CONVERSION = YES;
				CLANG_WARN_DEPRECATED_OBJC_IMPLEMENTATIONS = YES;
				CLANG_WARN_DIRECT_OBJC_ISA_USAGE = YES_ERROR;
				CLANG_WARN_DOCUMENTATION_COMMENTS = YES;
				CLANG_WARN_EMPTY_BODY = YES;
				CLANG_WARN_ENUM_CONVERSION = YES;
				CLANG_WARN_INFINITE_RECURSION = YES;
				CLANG_WARN_INT_CONVERSION = YES;
				CLANG_WARN_NON_LITERAL_NULL_CONVERSION = YES;
				CLANG_WARN_OBJC_IMPLICIT_RETAIN_SELF = YES;
				CLANG_WARN_OBJC_LITERAL_CONVERSION = YES;
				CLANG_WARN_OBJC_ROOT_CLASS = YES_ERROR;
				CLANG_WARN_QUOTED_INCLUDE_IN_FRAMEWORK_HEADER = YES;
				CLANG_WARN_RANGE_LOOP_ANALYSIS = YES;
				CLANG_WARN_STRICT_PROTOTYPES = YES;
				CLANG_WARN_SUSPICIOUS_MOVE = YES;
				CLANG_WARN_UNGUARDED_AVAILABILITY = YES_AGGRESSIVE;
				CLANG_WARN_UNREACHABLE_CODE = YES;
				CLANG_WARN__DUPLICATE_METHOD_MATCH = YES;
				COPY_PHASE_STRIP = NO;
				DEBUG_INFORMATION_FORMAT = dwarf;
				ENABLE_STRICT_OBJC_MSGSEND = YES;
				ENABLE_TESTABILITY = YES;
				GCC_C_LANGUAGE_STANDARD = gnu11;
				GCC_DYNAMIC_NO_PIC = NO;
				GCC_NO_COMMON_BLOCKS = YES;
				GCC_OPTIMIZATION_LEVEL = 0;
				GCC_PREPROCESSOR_DEFINITIONS = (
					"DEBUG=1",
					"$(inherited)",
				);
				GCC_WARN_64_TO_32_BIT_CONVERSION = YES;
				GCC_WARN_ABOUT_RETURN_TYPE = YES_ERROR;
				GCC_WARN_UNDECLARED_SELECTOR = YES;
				GCC_WARN_UNINITIALIZED_AUTOS = YES_AGGRESSIVE;
				GCC_WARN_UNUSED_FUNCTION = YES;
				GCC_WARN_UNUSED_VARIABLE = YES;
				MTL_ENABLE_DEBUG_INFO = INCLUDE_SOURCE;
				MTL_FAST_MATH = YES;
				ONLY_ACTIVE_ARCH = YES;
				SWIFT_ACTIVE_COMPILATION_CONDITIONS = DEBUG;
				SWIFT_OPTIMIZATION_LEVEL = "-Onone";
			};
			name = Debug;
		};
		086C942B24BE93BD008AFBE5 /* Release */ = {
			isa = XCBuildConfiguration;
			buildSettings = {
				ALWAYS_SEARCH_USER_PATHS = NO;
				CLANG_ANALYZER_NONNULL = YES;
				CLANG_ANALYZER_NUMBER_OBJECT_CONVERSION = YES_AGGRESSIVE;
				CLANG_CXX_LANGUAGE_STANDARD = "gnu++14";
				CLANG_CXX_LIBRARY = "libc++";
				CLANG_ENABLE_MODULES = YES;
				CLANG_ENABLE_OBJC_ARC = YES;
				CLANG_ENABLE_OBJC_WEAK = YES;
				CLANG_WARN_BLOCK_CAPTURE_AUTORELEASING = YES;
				CLANG_WARN_BOOL_CONVERSION = YES;
				CLANG_WARN_COMMA = YES;
				CLANG_WARN_CONSTANT_CONVERSION = YES;
				CLANG_WARN_DEPRECATED_OBJC_IMPLEMENTATIONS = YES;
				CLANG_WARN_DIRECT_OBJC_ISA_USAGE = YES_ERROR;
				CLANG_WARN_DOCUMENTATION_COMMENTS = YES;
				CLANG_WARN_EMPTY_BODY = YES;
				CLANG_WARN_ENUM_CONVERSION = YES;
				CLANG_WARN_INFINITE_RECURSION = YES;
				CLANG_WARN_INT_CONVERSION = YES;
				CLANG_WARN_NON_LITERAL_NULL_CONVERSION = YES;
				CLANG_WARN_OBJC_IMPLICIT_RETAIN_SELF = YES;
				CLANG_WARN_OBJC_LITERAL_CONVERSION = YES;
				CLANG_WARN_OBJC_ROOT_CLASS = YES_ERROR;
				CLANG_WARN_QUOTED_INCLUDE_IN_FRAMEWORK_HEADER = YES;
				CLANG_WARN_RANGE_LOOP_ANALYSIS = YES;
				CLANG_WARN_STRICT_PROTOTYPES = YES;
				CLANG_WARN_SUSPICIOUS_MOVE = YES;
				CLANG_WARN_UNGUARDED_AVAILABILITY = YES_AGGRESSIVE;
				CLANG_WARN_UNREACHABLE_CODE = YES;
				CLANG_WARN__DUPLICATE_METHOD_MATCH = YES;
				COPY_PHASE_STRIP = NO;
				DEBUG_INFORMATION_FORMAT = "dwarf-with-dsym";
				ENABLE_NS_ASSERTIONS = NO;
				ENABLE_STRICT_OBJC_MSGSEND = YES;
				GCC_C_LANGUAGE_STANDARD = gnu11;
				GCC_NO_COMMON_BLOCKS = YES;
				GCC_WARN_64_TO_32_BIT_CONVERSION = YES;
				GCC_WARN_ABOUT_RETURN_TYPE = YES_ERROR;
				GCC_WARN_UNDECLARED_SELECTOR = YES;
				GCC_WARN_UNINITIALIZED_AUTOS = YES_AGGRESSIVE;
				GCC_WARN_UNUSED_FUNCTION = YES;
				GCC_WARN_UNUSED_VARIABLE = YES;
				MTL_ENABLE_DEBUG_INFO = NO;
				MTL_FAST_MATH = YES;
				SWIFT_COMPILATION_MODE = wholemodule;
				SWIFT_OPTIMIZATION_LEVEL = "-O";
			};
			name = Release;
		};
		086C942D24BE93BD008AFBE5 /* Debug */ = {
			isa = XCBuildConfiguration;
			baseConfigurationReference = 949D2313131E8C41E56BCA10 /* Pods-iOS.debug.xcconfig */;
			buildSettings = {
				ASSETCATALOG_COMPILER_APPICON_NAME = AppIcon;
				ASSETCATALOG_COMPILER_GLOBAL_ACCENT_COLOR_NAME = AccentColor;
				CODE_SIGN_ENTITLEMENTS = iOS/ChristInSong.entitlements;
				CODE_SIGN_STYLE = Automatic;
				CURRENT_PROJECT_VERSION = 6;
				DEVELOPMENT_TEAM = E7Y77TZ7V4;
				ENABLE_PREVIEWS = YES;
				INFOPLIST_FILE = iOS/Info.plist;
				IPHONEOS_DEPLOYMENT_TARGET = 14.0;
				LD_RUNPATH_SEARCH_PATHS = (
					"$(inherited)",
					"@executable_path/Frameworks",
				);
				MARKETING_VERSION = 2.0.0;
				PRODUCT_BUNDLE_IDENTIFIER = com.tinashe.ChristInSong;
				PRODUCT_NAME = ChristInSong;
				SDKROOT = iphoneos;
				SUPPORTS_MACCATALYST = NO;
				SWIFT_VERSION = 5.0;
				TARGETED_DEVICE_FAMILY = "1,2";
			};
			name = Debug;
		};
		086C942E24BE93BD008AFBE5 /* Release */ = {
			isa = XCBuildConfiguration;
			baseConfigurationReference = B1F48F3EE68CB913F921E0A8 /* Pods-iOS.release.xcconfig */;
			buildSettings = {
				ASSETCATALOG_COMPILER_APPICON_NAME = AppIcon;
				ASSETCATALOG_COMPILER_GLOBAL_ACCENT_COLOR_NAME = AccentColor;
				CODE_SIGN_ENTITLEMENTS = iOS/ChristInSong.entitlements;
				CODE_SIGN_STYLE = Automatic;
				CURRENT_PROJECT_VERSION = 6;
				DEVELOPMENT_TEAM = E7Y77TZ7V4;
				ENABLE_PREVIEWS = YES;
				INFOPLIST_FILE = iOS/Info.plist;
				IPHONEOS_DEPLOYMENT_TARGET = 14.0;
				LD_RUNPATH_SEARCH_PATHS = (
					"$(inherited)",
					"@executable_path/Frameworks",
				);
				MARKETING_VERSION = 2.0.0;
				PRODUCT_BUNDLE_IDENTIFIER = com.tinashe.ChristInSong;
				PRODUCT_NAME = ChristInSong;
				SDKROOT = iphoneos;
				SUPPORTS_MACCATALYST = NO;
				SWIFT_VERSION = 5.0;
				TARGETED_DEVICE_FAMILY = "1,2";
				VALIDATE_PRODUCT = YES;
			};
			name = Release;
		};
		086C943024BE93BD008AFBE5 /* Debug */ = {
			isa = XCBuildConfiguration;
			baseConfigurationReference = 3E60508D0E3E4FAFF6BD9322 /* Pods-macOS.debug.xcconfig */;
			buildSettings = {
				ASSETCATALOG_COMPILER_APPICON_NAME = AppIcon;
				ASSETCATALOG_COMPILER_GLOBAL_ACCENT_COLOR_NAME = AccentColor;
				CODE_SIGN_ENTITLEMENTS = macOS/macOS.entitlements;
				CODE_SIGN_IDENTITY = "-";
				CODE_SIGN_STYLE = Automatic;
				COMBINE_HIDPI_IMAGES = YES;
				DEVELOPMENT_TEAM = E7Y77TZ7V4;
				ENABLE_HARDENED_RUNTIME = YES;
				ENABLE_PREVIEWS = YES;
				INFOPLIST_FILE = macOS/Info.plist;
				LD_RUNPATH_SEARCH_PATHS = (
					"$(inherited)",
					"@executable_path/../Frameworks",
				);
				MACOSX_DEPLOYMENT_TARGET = 10.16;
				PRODUCT_BUNDLE_IDENTIFIER = com.tinashe.ChristInSong;
				PRODUCT_NAME = ChristInSong;
				SDKROOT = macosx;
				SWIFT_VERSION = 5.0;
			};
			name = Debug;
		};
		086C943124BE93BD008AFBE5 /* Release */ = {
			isa = XCBuildConfiguration;
			baseConfigurationReference = 69B0579CBBCF659E463C333F /* Pods-macOS.release.xcconfig */;
			buildSettings = {
				ASSETCATALOG_COMPILER_APPICON_NAME = AppIcon;
				ASSETCATALOG_COMPILER_GLOBAL_ACCENT_COLOR_NAME = AccentColor;
				CODE_SIGN_ENTITLEMENTS = macOS/macOS.entitlements;
				CODE_SIGN_IDENTITY = "-";
				CODE_SIGN_STYLE = Automatic;
				COMBINE_HIDPI_IMAGES = YES;
				DEVELOPMENT_TEAM = E7Y77TZ7V4;
				ENABLE_HARDENED_RUNTIME = YES;
				ENABLE_PREVIEWS = YES;
				INFOPLIST_FILE = macOS/Info.plist;
				LD_RUNPATH_SEARCH_PATHS = (
					"$(inherited)",
					"@executable_path/../Frameworks",
				);
				MACOSX_DEPLOYMENT_TARGET = 10.16;
				PRODUCT_BUNDLE_IDENTIFIER = com.tinashe.ChristInSong;
				PRODUCT_NAME = ChristInSong;
				SDKROOT = macosx;
				SWIFT_VERSION = 5.0;
			};
			name = Release;
		};
		086C943324BE93BD008AFBE5 /* Debug */ = {
			isa = XCBuildConfiguration;
			buildSettings = {
				ALWAYS_EMBED_SWIFT_STANDARD_LIBRARIES = YES;
				CODE_SIGN_STYLE = Automatic;
				DEVELOPMENT_TEAM = E7Y77TZ7V4;
				INFOPLIST_FILE = "Tests iOS/Info.plist";
				IPHONEOS_DEPLOYMENT_TARGET = 14.0;
				LD_RUNPATH_SEARCH_PATHS = (
					"$(inherited)",
					"@executable_path/Frameworks",
					"@loader_path/Frameworks",
				);
				PRODUCT_BUNDLE_IDENTIFIER = "com.tinashe.Tests-iOS";
				PRODUCT_NAME = "$(TARGET_NAME)";
				SDKROOT = iphoneos;
				SWIFT_VERSION = 5.0;
				TARGETED_DEVICE_FAMILY = "1,2";
				TEST_TARGET_NAME = iOS;
			};
			name = Debug;
		};
		086C943424BE93BD008AFBE5 /* Release */ = {
			isa = XCBuildConfiguration;
			buildSettings = {
				ALWAYS_EMBED_SWIFT_STANDARD_LIBRARIES = YES;
				CODE_SIGN_STYLE = Automatic;
				DEVELOPMENT_TEAM = E7Y77TZ7V4;
				INFOPLIST_FILE = "Tests iOS/Info.plist";
				IPHONEOS_DEPLOYMENT_TARGET = 14.0;
				LD_RUNPATH_SEARCH_PATHS = (
					"$(inherited)",
					"@executable_path/Frameworks",
					"@loader_path/Frameworks",
				);
				PRODUCT_BUNDLE_IDENTIFIER = "com.tinashe.Tests-iOS";
				PRODUCT_NAME = "$(TARGET_NAME)";
				SDKROOT = iphoneos;
				SWIFT_VERSION = 5.0;
				TARGETED_DEVICE_FAMILY = "1,2";
				TEST_TARGET_NAME = iOS;
				VALIDATE_PRODUCT = YES;
			};
			name = Release;
		};
		086C943624BE93BD008AFBE5 /* Debug */ = {
			isa = XCBuildConfiguration;
			buildSettings = {
				ALWAYS_EMBED_SWIFT_STANDARD_LIBRARIES = YES;
				CODE_SIGN_STYLE = Automatic;
				COMBINE_HIDPI_IMAGES = YES;
				DEVELOPMENT_TEAM = E7Y77TZ7V4;
				INFOPLIST_FILE = "Tests macOS/Info.plist";
				LD_RUNPATH_SEARCH_PATHS = (
					"$(inherited)",
					"@executable_path/../Frameworks",
					"@loader_path/../Frameworks",
				);
				MACOSX_DEPLOYMENT_TARGET = 10.15;
				PRODUCT_BUNDLE_IDENTIFIER = "com.tinashe.Tests-macOS";
				PRODUCT_NAME = "$(TARGET_NAME)";
				SDKROOT = macosx;
				SWIFT_VERSION = 5.0;
				TEST_TARGET_NAME = macOS;
			};
			name = Debug;
		};
		086C943724BE93BD008AFBE5 /* Release */ = {
			isa = XCBuildConfiguration;
			buildSettings = {
				ALWAYS_EMBED_SWIFT_STANDARD_LIBRARIES = YES;
				CODE_SIGN_STYLE = Automatic;
				COMBINE_HIDPI_IMAGES = YES;
				DEVELOPMENT_TEAM = E7Y77TZ7V4;
				INFOPLIST_FILE = "Tests macOS/Info.plist";
				LD_RUNPATH_SEARCH_PATHS = (
					"$(inherited)",
					"@executable_path/../Frameworks",
					"@loader_path/../Frameworks",
				);
				MACOSX_DEPLOYMENT_TARGET = 10.15;
				PRODUCT_BUNDLE_IDENTIFIER = "com.tinashe.Tests-macOS";
				PRODUCT_NAME = "$(TARGET_NAME)";
				SDKROOT = macosx;
				SWIFT_VERSION = 5.0;
				TEST_TARGET_NAME = macOS;
			};
			name = Release;
		};
/* End XCBuildConfiguration section */

/* Begin XCConfigurationList section */
		086C93F924BE93BC008AFBE5 /* Build configuration list for PBXProject "ChristInSong" */ = {
			isa = XCConfigurationList;
			buildConfigurations = (
				086C942A24BE93BD008AFBE5 /* Debug */,
				086C942B24BE93BD008AFBE5 /* Release */,
			);
			defaultConfigurationIsVisible = 0;
			defaultConfigurationName = Release;
		};
		086C942C24BE93BD008AFBE5 /* Build configuration list for PBXNativeTarget "iOS" */ = {
			isa = XCConfigurationList;
			buildConfigurations = (
				086C942D24BE93BD008AFBE5 /* Debug */,
				086C942E24BE93BD008AFBE5 /* Release */,
			);
			defaultConfigurationIsVisible = 0;
			defaultConfigurationName = Release;
		};
		086C942F24BE93BD008AFBE5 /* Build configuration list for PBXNativeTarget "macOS" */ = {
			isa = XCConfigurationList;
			buildConfigurations = (
				086C943024BE93BD008AFBE5 /* Debug */,
				086C943124BE93BD008AFBE5 /* Release */,
			);
			defaultConfigurationIsVisible = 0;
			defaultConfigurationName = Release;
		};
		086C943224BE93BD008AFBE5 /* Build configuration list for PBXNativeTarget "Tests iOS" */ = {
			isa = XCConfigurationList;
			buildConfigurations = (
				086C943324BE93BD008AFBE5 /* Debug */,
				086C943424BE93BD008AFBE5 /* Release */,
			);
			defaultConfigurationIsVisible = 0;
			defaultConfigurationName = Release;
		};
		086C943524BE93BD008AFBE5 /* Build configuration list for PBXNativeTarget "Tests macOS" */ = {
			isa = XCConfigurationList;
			buildConfigurations = (
				086C943624BE93BD008AFBE5 /* Debug */,
				086C943724BE93BD008AFBE5 /* Release */,
			);
			defaultConfigurationIsVisible = 0;
			defaultConfigurationName = Release;
		};
/* End XCConfigurationList section */

/* Begin XCVersionGroup section */
		08CB33EB25E22DD200609D65 /* Main.xcdatamodeld */ = {
			isa = XCVersionGroup;
			children = (
				08CB33EC25E22DD200609D65 /* Main.xcdatamodel */,
			);
			currentVersion = 08CB33EC25E22DD200609D65 /* Main.xcdatamodel */;
			path = Main.xcdatamodeld;
			sourceTree = "<group>";
			versionGroupType = wrapper.xcdatamodel;
		};
/* End XCVersionGroup section */
	};
	rootObject = 086C93F624BE93BC008AFBE5 /* Project object */;
}
